
Microsoft Visual Studio Solution File, Format Version 12.00
# Visual Studio 15
VisualStudioVersion = 15.0.28307.757
MinimumVisualStudioVersion = 10.0.40219.1
Project("{8BC9CEB8-8B4A-11D0-8D11-00A0C91BC942}") = "Proyecto1", "Proyecto1\Proyecto1.vcxproj", "{AE4312D3-F733-4CAD-ADFA-E80C4059FACA}"
EndProject
Global
	GlobalSection(SolutionConfigurationPlatforms) = preSolution
		Debug|x64 = Debug|x64
		Debug|x86 = Debug|x86
		Release|x64 = Release|x64
		Release|x86 = Release|x86
	EndGlobalSection
	GlobalSection(ProjectConfigurationPlatforms) = postSolution
		{AE4312D3-F733-4CAD-ADFA-E80C4059FACA}.Debug|x64.ActiveCfg = Debug|x64
		{AE4312D3-F733-4CAD-ADFA-E80C4059FACA}.Debug|x64.Build.0 = Debug|x64
		{AE4312D3-F733-4CAD-ADFA-E80C4059FACA}.Debug|x86.ActiveCfg = Debug|Win32
		{AE4312D3-F733-4CAD-ADFA-E80C4059FACA}.Debug|x86.Build.0 = Debug|Win32
		{AE4312D3-F733-4CAD-ADFA-E80C4059FACA}.Release|x64.ActiveCfg = Release|x64
		{AE4312D3-F733-4CAD-ADFA-E80C4059FACA}.Release|x64.Build.0 = Release|x64
		{AE4312D3-F733-4CAD-ADFA-E80C4059FACA}.Release|x86.ActiveCfg = Release|Win32
		{AE4312D3-F733-4CAD-ADFA-E80C4059FACA}.Release|x86.Build.0 = Release|Win32
	EndGlobalSection
	GlobalSection(SolutionProperties) = preSolution
		HideSolutionNode = FALSE
	EndGlobalSection
	GlobalSection(ExtensibilityGlobals) = postSolution
		SolutionGuid = {AD884C25-1E66-423F-AC5F-F464F6D9EF7F}
	EndGlobalSection
EndGlobal
